// !$*UTF8*$!
{
	archiveVersion = 1;
	classes = {
	};
	objectVersion = 50;
	objects = {

/* Begin PBXBuildFile section */
		7DF5CA2026F6F54800301B08 /* AppDelegate.swift in Sources */ = {isa = PBXBuildFile; fileRef = 7DF5CA1F26F6F54800301B08 /* AppDelegate.swift */; };
		7DF5CA2226F6F54900301B08 /* SceneDelegate.swift in Sources */ = {isa = PBXBuildFile; fileRef = 7DF5CA2126F6F54900301B08 /* SceneDelegate.swift */; };
		7DF5CA2426F6F54900301B08 /* ViewController.swift in Sources */ = {isa = PBXBuildFile; fileRef = 7DF5CA2326F6F54900301B08 /* ViewController.swift */; };
		7DF5CA2726F6F54900301B08 /* Main.storyboard in Resources */ = {isa = PBXBuildFile; fileRef = 7DF5CA2526F6F54900301B08 /* Main.storyboard */; };
		7DF5CA2926F6F54E00301B08 /* Assets.xcassets in Resources */ = {isa = PBXBuildFile; fileRef = 7DF5CA2826F6F54E00301B08 /* Assets.xcassets */; };
		7DF5CA2C26F6F54F00301B08 /* LaunchScreen.storyboard in Resources */ = {isa = PBXBuildFile; fileRef = 7DF5CA2A26F6F54F00301B08 /* LaunchScreen.storyboard */; };
		7DF5CA3926F6FC7200301B08 /* ModeloPost.swift in Sources */ = {isa = PBXBuildFile; fileRef = 7DF5CA3826F6FC7200301B08 /* ModeloPost.swift */; };
		7DF5CA3C26F6FEAD00301B08 /* ViewModelModeloPost.swift in Sources */ = {isa = PBXBuildFile; fileRef = 7DF5CA3B26F6FEAD00301B08 /* ViewModelModeloPost.swift */; };
/* End PBXBuildFile section */

/* Begin PBXFileReference section */
		7DF5CA1C26F6F54800301B08 /* api-semana5.app */ = {isa = PBXFileReference; explicitFileType = wrapper.application; includeInIndex = 0; path = "api-semana5.app"; sourceTree = BUILT_PRODUCTS_DIR; };
		7DF5CA1F26F6F54800301B08 /* AppDelegate.swift */ = {isa = PBXFileReference; lastKnownFileType = sourcecode.swift; path = AppDelegate.swift; sourceTree = "<group>"; };
		7DF5CA2126F6F54900301B08 /* SceneDelegate.swift */ = {isa = PBXFileReference; lastKnownFileType = sourcecode.swift; path = SceneDelegate.swift; sourceTree = "<group>"; };
		7DF5CA2326F6F54900301B08 /* ViewController.swift */ = {isa = PBXFileReference; lastKnownFileType = sourcecode.swift; path = ViewController.swift; sourceTree = "<group>"; };
		7DF5CA2626F6F54900301B08 /* Base */ = {isa = PBXFileReference; lastKnownFileType = file.storyboard; name = Base; path = Base.lproj/Main.storyboard; sourceTree = "<group>"; };
		7DF5CA2826F6F54E00301B08 /* Assets.xcassets */ = {isa = PBXFileReference; lastKnownFileType = folder.assetcatalog; path = Assets.xcassets; sourceTree = "<group>"; };
		7DF5CA2B26F6F54F00301B08 /* Base */ = {isa = PBXFileReference; lastKnownFileType = file.storyboard; name = Base; path = Base.lproj/LaunchScreen.storyboard; sourceTree = "<group>"; };
		7DF5CA2D26F6F54F00301B08 /* Info.plist */ = {isa = PBXFileReference; lastKnownFileType = text.plist.xml; path = Info.plist; sourceTree = "<group>"; };
		7DF5CA3826F6FC7200301B08 /* ModeloPost.swift */ = {isa = PBXFileReference; lastKnownFileType = sourcecode.swift; path = ModeloPost.swift; sourceTree = "<group>"; };
		7DF5CA3B26F6FEAD00301B08 /* ViewModelModeloPost.swift */ = {isa = PBXFileReference; lastKnownFileType = sourcecode.swift; path = ViewModelModeloPost.swift; sourceTree = "<group>"; };
/* End PBXFileReference section */

/* Begin PBXFrameworksBuildPhase section */
		7DF5CA1926F6F54800301B08 /* Frameworks */ = {
			isa = PBXFrameworksBuildPhase;
			buildActionMask = 2147483647;
			files = (
			);
			runOnlyForDeploymentPostprocessing = 0;
		};
/* End PBXFrameworksBuildPhase section */

/* Begin PBXGroup section */
		7DF5CA1326F6F54800301B08 = {
			isa = PBXGroup;
			children = (
				7DF5CA1E26F6F54800301B08 /* api-semana5 */,
				7DF5CA1D26F6F54800301B08 /* Products */,
			);
			sourceTree = "<group>";
		};
		7DF5CA1D26F6F54800301B08 /* Products */ = {
			isa = PBXGroup;
			children = (
				7DF5CA1C26F6F54800301B08 /* api-semana5.app */,
			);
			name = Products;
			sourceTree = "<group>";
		};
		7DF5CA1E26F6F54800301B08 /* api-semana5 */ = {
			isa = PBXGroup;
			children = (
				7DF5CA1F26F6F54800301B08 /* AppDelegate.swift */,
				7DF5CA3726F6FBEE00301B08 /* Screem */,
				7DF5CA3626F6FBCF00301B08 /* Model */,
				7DF5CA3526F6FBC300301B08 /* View */,
				7DF5CA3426F6FBB200301B08 /* ViewModel */,
				7DF5CA2126F6F54900301B08 /* SceneDelegate.swift */,
				7DF5CA2826F6F54E00301B08 /* Assets.xcassets */,
				7DF5CA2A26F6F54F00301B08 /* LaunchScreen.storyboard */,
				7DF5CA2D26F6F54F00301B08 /* Info.plist */,
			);
			path = "api-semana5";
			sourceTree = "<group>";
		};
		7DF5CA3426F6FBB200301B08 /* ViewModel */ = {
			isa = PBXGroup;
			children = (
				7DF5CA3B26F6FEAD00301B08 /* ViewModelModeloPost.swift */,
			);
			path = ViewModel;
			sourceTree = "<group>";
		};
		7DF5CA3526F6FBC300301B08 /* View */ = {
			isa = PBXGroup;
			children = (
				7DF5CA2326F6F54900301B08 /* ViewController.swift */,
			);
			path = View;
			sourceTree = "<group>";
		};
		7DF5CA3626F6FBCF00301B08 /* Model */ = {
			isa = PBXGroup;
			children = (
				7DF5CA3826F6FC7200301B08 /* ModeloPost.swift */,
			);
			path = Model;
			sourceTree = "<group>";
		};
		7DF5CA3726F6FBEE00301B08 /* Screem */ = {
			isa = PBXGroup;
			children = (
				7DF5CA2526F6F54900301B08 /* Main.storyboard */,
			);
			path = Screem;
			sourceTree = "<group>";
		};
/* End PBXGroup section */

/* Begin PBXNativeTarget section */
		7DF5CA1B26F6F54800301B08 /* api-semana5 */ = {
			isa = PBXNativeTarget;
			buildConfigurationList = 7DF5CA3026F6F54F00301B08 /* Build configuration list for PBXNativeTarget "api-semana5" */;
			buildPhases = (
				7DF5CA1826F6F54800301B08 /* Sources */,
				7DF5CA1926F6F54800301B08 /* Frameworks */,
				7DF5CA1A26F6F54800301B08 /* Resources */,
			);
			buildRules = (
			);
			dependencies = (
			);
			name = "api-semana5";
			productName = "api-semana5";
			productReference = 7DF5CA1C26F6F54800301B08 /* api-semana5.app */;
			productType = "com.apple.product-type.application";
		};
/* End PBXNativeTarget section */

/* Begin PBXProject section */
		7DF5CA1426F6F54800301B08 /* Project object */ = {
			isa = PBXProject;
			attributes = {
				LastSwiftUpdateCheck = 1240;
				LastUpgradeCheck = 1240;
				TargetAttributes = {
					7DF5CA1B26F6F54800301B08 = {
						CreatedOnToolsVersion = 12.4;
					};
				};
			};
			buildConfigurationList = 7DF5CA1726F6F54800301B08 /* Build configuration list for PBXProject "api-semana5" */;
			compatibilityVersion = "Xcode 9.3";
			developmentRegion = en;
			hasScannedForEncodings = 0;
			knownRegions = (
				en,
				Base,
			);
			mainGroup = 7DF5CA1326F6F54800301B08;
			productRefGroup = 7DF5CA1D26F6F54800301B08 /* Products */;
			projectDirPath = "";
			projectRoot = "";
			targets = (
				7DF5CA1B26F6F54800301B08 /* api-semana5 */,
			);
		};
/* End PBXProject section */

/* Begin PBXResourcesBuildPhase section */
		7DF5CA1A26F6F54800301B08 /* Resources */ = {
			isa = PBXResourcesBuildPhase;
			buildActionMask = 2147483647;
			files = (
				7DF5CA2C26F6F54F00301B08 /* LaunchScreen.storyboard in Resources */,
				7DF5CA2926F6F54E00301B08 /* Assets.xcassets in Resources */,
				7DF5CA2726F6F54900301B08 /* Main.storyboard in Resources */,
			);
			runOnlyForDeploymentPostprocessing = 0;
		};
/* End PBXResourcesBuildPhase section */

/* Begin PBXSourcesBuildPhase section */
		7DF5CA1826F6F54800301B08 /* Sources */ = {
			isa = PBXSourcesBuildPhase;
			buildActionMask = 2147483647;
			files = (
				7DF5CA2426F6F54900301B08 /* ViewController.swift in Sources */,
				7DF5CA3926F6FC7200301B08 /* ModeloPost.swift in Sources */,
				7DF5CA2026F6F54800301B08 /* AppDelegate.swift in Sources */,
				7DF5CA3C26F6FEAD00301B08 /* ViewModelModeloPost.swift in Sources */,
				7DF5CA2226F6F54900301B08 /* SceneDelegate.swift in Sources */,
			);
			runOnlyForDeploymentPostprocessing = 0;
		};
/* End PBXSourcesBuildPhase section */

/* Begin PBXVariantGroup section */
		7DF5CA2526F6F54900301B08 /* Main.storyboard */ = {
			isa = PBXVariantGroup;
			children = (
				7DF5CA2626F6F54900301B08 /* Base */,
			);
			name = Main.storyboard;
			sourceTree = "<group>";
		};
		7DF5CA2A26F6F54F00301B08 /* LaunchScreen.storyboard */ = {
			isa = PBXVariantGroup;
			children = (
				7DF5CA2B26F6F54F00301B08 /* Base */,
			);
			name = LaunchScreen.storyboard;
			sourceTree = "<group>";
		};
/* End PBXVariantGroup section */

/* Begin XCBuildConfiguration section */
		7DF5CA2E26F6F54F00301B08 /* Debug */ = {
			isa = XCBuildConfiguration;
			buildSettings = {
				ALWAYS_SEARCH_USER_PATHS = NO;
				CLANG_ANALYZER_NONNULL = YES;
				CLANG_ANALYZER_NUMBER_OBJECT_CONVERSION = YES_AGGRESSIVE;
				CLANG_CXX_LANGUAGE_STANDARD = "gnu++14";
				CLANG_CXX_LIBRARY = "libc++";
				CLANG_ENABLE_MODULES = YES;
				CLANG_ENABLE_OBJC_ARC = YES;
				CLANG_ENABLE_OBJC_WEAK = YES;
				CLANG_WARN_BLOCK_CAPTURE_AUTORELEASING = YES;
				CLANG_WARN_BOOL_CONVERSION = YES;
				CLANG_WARN_COMMA = YES;
				CLANG_WARN_CONSTANT_CONVERSION = YES;
				CLANG_WARN_DEPRECATED_OBJC_IMPLEMENTATIONS = YES;
				CLANG_WARN_DIRECT_OBJC_ISA_USAGE = YES_ERROR;
				CLANG_WARN_DOCUMENTATION_COMMENTS = YES;
				CLANG_WARN_EMPTY_BODY = YES;
				CLANG_WARN_ENUM_CONVERSION = YES;
				CLANG_WARN_INFINITE_RECURSION = YES;
				CLANG_WARN_INT_CONVERSION = YES;
				CLANG_WARN_NON_LITERAL_NULL_CONVERSION = YES;
				CLANG_WARN_OBJC_IMPLICIT_RETAIN_SELF = YES;
				CLANG_WARN_OBJC_LITERAL_CONVERSION = YES;
				CLANG_WARN_OBJC_ROOT_CLASS = YES_ERROR;
				CLANG_WARN_QUOTED_INCLUDE_IN_FRAMEWORK_HEADER = YES;
				CLANG_WARN_RANGE_LOOP_ANALYSIS = YES;
				CLANG_WARN_STRICT_PROTOTYPES = YES;
				CLANG_WARN_SUSPICIOUS_MOVE = YES;
				CLANG_WARN_UNGUARDED_AVAILABILITY = YES_AGGRESSIVE;
				CLANG_WARN_UNREACHABLE_CODE = YES;
				CLANG_WARN__DUPLICATE_METHOD_MATCH = YES;
				COPY_PHASE_STRIP = NO;
				DEBUG_INFORMATION_FORMAT = dwarf;
				ENABLE_STRICT_OBJC_MSGSEND = YES;
				ENABLE_TESTABILITY = YES;
				GCC_C_LANGUAGE_STANDARD = gnu11;
				GCC_DYNAMIC_NO_PIC = NO;
				GCC_NO_COMMON_BLOCKS = YES;
				GCC_OPTIMIZATION_LEVEL = 0;
				GCC_PREPROCESSOR_DEFINITIONS = (
					"DEBUG=1",
					"$(inherited)",
				);
				GCC_WARN_64_TO_32_BIT_CONVERSION = YES;
				GCC_WARN_ABOUT_RETURN_TYPE = YES_ERROR;
				GCC_WARN_UNDECLARED_SELECTOR = YES;
				GCC_WARN_UNINITIALIZED_AUTOS = YES_AGGRESSIVE;
				GCC_WARN_UNUSED_FUNCTION = YES;
				GCC_WARN_UNUSED_VARIABLE = YES;
				IPHONEOS_DEPLOYMENT_TARGET = 14.4;
				MTL_ENABLE_DEBUG_INFO = INCLUDE_SOURCE;
				MTL_FAST_MATH = YES;
				ONLY_ACTIVE_ARCH = YES;
				SDKROOT = iphoneos;
				SWIFT_ACTIVE_COMPILATION_CONDITIONS = DEBUG;
				SWIFT_OPTIMIZATION_LEVEL = "-Onone";
			};
			name = Debug;
		};
		7DF5CA2F26F6F54F00301B08 /* Release */ = {
			isa = XCBuildConfiguration;
			buildSettings = {
				ALWAYS_SEARCH_USER_PATHS = NO;
				CLANG_ANALYZER_NONNULL = YES;
				CLANG_ANALYZER_NUMBER_OBJECT_CONVERSION = YES_AGGRESSIVE;
				CLANG_CXX_LANGUAGE_STANDARD = "gnu++14";
				CLANG_CXX_LIBRARY = "libc++";
				CLANG_ENABLE_MODULES = YES;
				CLANG_ENABLE_OBJC_ARC = YES;
				CLANG_ENABLE_OBJC_WEAK = YES;
				CLANG_WARN_BLOCK_CAPTURE_AUTORELEASING = YES;
				CLANG_WARN_BOOL_CONVERSION = YES;
				CLANG_WARN_COMMA = YES;
				CLANG_WARN_CONSTANT_CONVERSION = YES;
				CLANG_WARN_DEPRECATED_OBJC_IMPLEMENTATIONS = YES;
				CLANG_WARN_DIRECT_OBJC_ISA_USAGE = YES_ERROR;
				CLANG_WARN_DOCUMENTATION_COMMENTS = YES;
				CLANG_WARN_EMPTY_BODY = YES;
				CLANG_WARN_ENUM_CONVERSION = YES;
				CLANG_WARN_INFINITE_RECURSION = YES;
				CLANG_WARN_INT_CONVERSION = YES;
				CLANG_WARN_NON_LITERAL_NULL_CONVERSION = YES;
				CLANG_WARN_OBJC_IMPLICIT_RETAIN_SELF = YES;
				CLANG_WARN_OBJC_LITERAL_CONVERSION = YES;
				CLANG_WARN_OBJC_ROOT_CLASS = YES_ERROR;
				CLANG_WARN_QUOTED_INCLUDE_IN_FRAMEWORK_HEADER = YES;
				CLANG_WARN_RANGE_LOOP_ANALYSIS = YES;
				CLANG_WARN_STRICT_PROTOTYPES = YES;
				CLANG_WARN_SUSPICIOUS_MOVE = YES;
				CLANG_WARN_UNGUARDED_AVAILABILITY = YES_AGGRESSIVE;
				CLANG_WARN_UNREACHABLE_CODE = YES;
				CLANG_WARN__DUPLICATE_METHOD_MATCH = YES;
				COPY_PHASE_STRIP = NO;
				DEBUG_INFORMATION_FORMAT = "dwarf-with-dsym";
				ENABLE_NS_ASSERTIONS = NO;
				ENABLE_STRICT_OBJC_MSGSEND = YES;
				GCC_C_LANGUAGE_STANDARD = gnu11;
				GCC_NO_COMMON_BLOCKS = YES;
				GCC_WARN_64_TO_32_BIT_CONVERSION = YES;
				GCC_WARN_ABOUT_RETURN_TYPE = YES_ERROR;
				GCC_WARN_UNDECLARED_SELECTOR = YES;
				GCC_WARN_UNINITIALIZED_AUTOS = YES_AGGRESSIVE;
				GCC_WARN_UNUSED_FUNCTION = YES;
				GCC_WARN_UNUSED_VARIABLE = YES;
				IPHONEOS_DEPLOYMENT_TARGET = 14.4;
				MTL_ENABLE_DEBUG_INFO = NO;
				MTL_FAST_MATH = YES;
				SDKROOT = iphoneos;
				SWIFT_COMPILATION_MODE = wholemodule;
				SWIFT_OPTIMIZATION_LEVEL = "-O";
				VALIDATE_PRODUCT = YES;
			};
			name = Release;
		};
		7DF5CA3126F6F54F00301B08 /* Debug */ = {
			isa = XCBuildConfiguration;
			buildSettings = {
				ASSETCATALOG_COMPILER_APPICON_NAME = AppIcon;
				ASSETCATALOG_COMPILER_GLOBAL_ACCENT_COLOR_NAME = AccentColor;
				CODE_SIGN_STYLE = Automatic;
				INFOPLIST_FILE = "api-semana5/Info.plist";
				LD_RUNPATH_SEARCH_PATHS = (
					"$(inherited)",
					"@executable_path/Frameworks",
				);
				PRODUCT_BUNDLE_IDENTIFIER = "com.tecsup.api-semana5";
				PRODUCT_NAME = "$(TARGET_NAME)";
				SWIFT_VERSION = 5.0;
				TARGETED_DEVICE_FAMILY = "1,2";
			};
			name = Debug;
		};
		7DF5CA3226F6F54F00301B08 /* Release */ = {
			isa = XCBuildConfiguration;
			buildSettings = {
				ASSETCATALOG_COMPILER_APPICON_NAME = AppIcon;
				ASSETCATALOG_COMPILER_GLOBAL_ACCENT_COLOR_NAME = AccentColor;
				CODE_SIGN_STYLE = Automatic;
				INFOPLIST_FILE = "api-semana5/Info.plist";
				LD_RUNPATH_SEARCH_PATHS = (
					"$(inherited)",
					"@executable_path/Frameworks",
				);
				PRODUCT_BUNDLE_IDENTIFIER = "com.tecsup.api-semana5";
				PRODUCT_NAME = "$(TARGET_NAME)";
				SWIFT_VERSION = 5.0;
				TARGETED_DEVICE_FAMILY = "1,2";
			};
			name = Release;
		};
/* End XCBuildConfiguration section */

/* Begin XCConfigurationList section */
		7DF5CA1726F6F54800301B08 /* Build configuration list for PBXProject "api-semana5" */ = {
			isa = XCConfigurationList;
			buildConfigurations = (
				7DF5CA2E26F6F54F00301B08 /* Debug */,
				7DF5CA2F26F6F54F00301B08 /* Release */,
			);
			defaultConfigurationIsVisible = 0;
			defaultConfigurationName = Release;
		};
		7DF5CA3026F6F54F00301B08 /* Build configuration list for PBXNativeTarget "api-semana5" */ = {
			isa = XCConfigurationList;
			buildConfigurations = (
				7DF5CA3126F6F54F00301B08 /* Debug */,
				7DF5CA3226F6F54F00301B08 /* Release */,
			);
			defaultConfigurationIsVisible = 0;
			defaultConfigurationName = Release;
		};
/* End XCConfigurationList section */
	};
	rootObject = 7DF5CA1426F6F54800301B08 /* Project object */;
}
